PODS:
  - Cuckoo (1.5.1):
    - Cuckoo/Swift (= 1.5.1)
  - Cuckoo/Swift (1.5.1)
  - Nimble (9.2.1)
  - Quick (4.0.0)
  - ViewInspector (0.9.0)

DEPENDENCIES:
  - Cuckoo
  - Nimble
  - Quick
  - ViewInspector

SPEC REPOS:
  trunk:
    - Cuckoo
    - Nimble
    - Quick
    - ViewInspector

SPEC CHECKSUMS:
  Cuckoo: 9124fe138270854903483c270370e6e7658fbc9b
  Nimble: e7e615c0335ee4bf5b0d786685451e62746117d5
  Quick: 6473349e43b9271a8d43839d9ba1c442ed1b7ac4
  ViewInspector: 53313c757eddc5c4842bc7943a66821a68d02d3e

PODFILE CHECKSUM: 1b73c8093f381be119af03262627d71acfa282cd

COCOAPODS: 1.11.2
